
Microsoft Visual Studio Solution File, Format Version 12.00
# Visual Studio Version 16
VisualStudioVersion = 16.0.808.6
MinimumVisualStudioVersion = 10.0.40219.1
Project("{FAE04EC0-301F-11D3-BF4B-00C04F79EFBC}") = "CardStack", "CardStack\CardStack.csproj", "{35EF5672-04E7-40C3-923F-68BC52CF1562}"
EndProject
Global
	GlobalSection(SolutionConfigurationPlatforms) = preSolution
		Debug|Any CPU = Debug|Any CPU
		Release|Any CPU = Release|Any CPU
	EndGlobalSection
	GlobalSection(ProjectConfigurationPlatforms) = postSolution
		{35EF5672-04E7-40C3-923F-68BC52CF1562}.Debug|Any CPU.ActiveCfg = Debug|Any CPU
		{35EF5672-04E7-40C3-923F-68BC52CF1562}.Debug|Any CPU.Build.0 = Debug|Any CPU
		{35EF5672-04E7-40C3-923F-68BC52CF1562}.Release|Any CPU.ActiveCfg = Release|Any CPU
		{35EF5672-04E7-40C3-923F-68BC52CF1562}.Release|Any CPU.Build.0 = Release|Any CPU
	EndGlobalSection
	GlobalSection(SolutionProperties) = preSolution
		HideSolutionNode = FALSE
	EndGlobalSection
	GlobalSection(ExtensibilityGlobals) = postSolution
		SolutionGuid = {E20A8930-E575-4A19-AAEC-DEA8D1C062A7}
	EndGlobalSection
EndGlobal
